
Microsoft Visual Studio Solution File, Format Version 12.00
# Visual Studio 15
VisualStudioVersion = 15.0.27130.2027
MinimumVisualStudioVersion = 10.0.40219.1
Project("{8BC9CEB8-8B4A-11D0-8D11-00A0C91BC942}") = "Lab3", "Lab3\Lab3.vcxproj", "{045EAD74-AE85-4883-B2CC-F09F689A650B}"
EndProject
Global
	GlobalSection(SolutionConfigurationPlatforms) = preSolution
		Debug|x64 = Debug|x64
		Debug|x86 = Debug|x86
		Release|x64 = Release|x64
		Release|x86 = Release|x86
	EndGlobalSection
	GlobalSection(ProjectConfigurationPlatforms) = postSolution
		{045EAD74-AE85-4883-B2CC-F09F689A650B}.Debug|x64.ActiveCfg = Debug|x64
		{045EAD74-AE85-4883-B2CC-F09F689A650B}.Debug|x64.Build.0 = Debug|x64
		{045EAD74-AE85-4883-B2CC-F09F689A650B}.Debug|x86.ActiveCfg = Debug|Win32
		{045EAD74-AE85-4883-B2CC-F09F689A650B}.Debug|x86.Build.0 = Debug|Win32
		{045EAD74-AE85-4883-B2CC-F09F689A650B}.Release|x64.ActiveCfg = Release|x64
		{045EAD74-AE85-4883-B2CC-F09F689A650B}.Release|x64.Build.0 = Release|x64
		{045EAD74-AE85-4883-B2CC-F09F689A650B}.Release|x86.ActiveCfg = Release|Win32
		{045EAD74-AE85-4883-B2CC-F09F689A650B}.Release|x86.Build.0 = Release|Win32
	EndGlobalSection
	GlobalSection(SolutionProperties) = preSolution
		HideSolutionNode = FALSE
	EndGlobalSection
	GlobalSection(ExtensibilityGlobals) = postSolution
		SolutionGuid = {60E55C31-3E14-4836-80B2-53A318D8EB02}
	EndGlobalSection
EndGlobal
